{
  "requires": true,
  "lockfileVersion": 1,
  "dependencies": {
    "ssh-keygen": {
      "version": "0.5.0",
      "resolved": "https://registry.npmjs.org/ssh-keygen/-/ssh-keygen-0.5.0.tgz",
      "integrity": "sha512-TZmhcpeZTkEnIZF0aItjXz0zIIkHnJyti4bIFiO4Ir0tqwsKDPtC7nFnvjPAy/diGXNy7m5ZcGg44QfUNA9y5g==",
      "requires": {
        "underscore": "1.4.x"
      }
    },
    "underscore": {
      "version": "1.4.4",
      "resolved": "https://registry.npmjs.org/underscore/-/underscore-1.4.4.tgz",
      "integrity": "sha1-YaajIBBiKvoHljvzJSA88SI51gQ="
    }
  }
}
